
Microsoft Visual Studio Solution File, Format Version 12.00
# Visual Studio Version 17
VisualStudioVersion = 17.8.34309.116
MinimumVisualStudioVersion = 10.0.40219.1
Project("{2150E333-8FDC-42A3-9474-1A3956D46DE8}") = "1.Camada De Apresentação", "1.Camada De Apresentação", "{7BC931F5-F71E-4651-82DA-6462DEF9DB76}"
EndProject
Project("{2150E333-8FDC-42A3-9474-1A3956D46DE8}") = "2.Camada de Negocio", "2.Camada de Negocio", "{02E9E8D8-164E-46A2-8CB4-9B28B711FD7F}"
EndProject
Project("{2150E333-8FDC-42A3-9474-1A3956D46DE8}") = "3.Camada de Acesso a dados", "3.Camada de Acesso a dados", "{049BABCD-81D7-4C17-817A-CD7C38E1B366}"
EndProject
Project("{FAE04EC0-301F-11D3-BF4B-00C04F79EFBC}") = "ProjetoEmtresCamadasPizzaria.Console", "..\ProjetoEmtresCamadasPizzaria.Console\ProjetoEmtresCamadasPizzaria.Console.csproj", "{6F8C57C1-59D6-4817-9DCA-00A9B66B7126}"
EndProject
Project("{FAE04EC0-301F-11D3-BF4B-00C04F79EFBC}") = "ProjetoEmTresCammadas.Pizzaria.RegraDeNegocio", "ProjetoEmTresCammadas.Pizzaria.ReagraDeNegocio\ProjetoEmTresCammadas.Pizzaria.RegraDeNegocio.csproj", "{D4205672-66F8-46B0-B177-D496296A6291}"
EndProject
Global
	GlobalSection(SolutionConfigurationPlatforms) = preSolution
		Debug|Any CPU = Debug|Any CPU
		Release|Any CPU = Release|Any CPU
	EndGlobalSection
	GlobalSection(ProjectConfigurationPlatforms) = postSolution
		{6F8C57C1-59D6-4817-9DCA-00A9B66B7126}.Debug|Any CPU.ActiveCfg = Debug|Any CPU
		{6F8C57C1-59D6-4817-9DCA-00A9B66B7126}.Debug|Any CPU.Build.0 = Debug|Any CPU
		{6F8C57C1-59D6-4817-9DCA-00A9B66B7126}.Release|Any CPU.ActiveCfg = Release|Any CPU
		{6F8C57C1-59D6-4817-9DCA-00A9B66B7126}.Release|Any CPU.Build.0 = Release|Any CPU
		{D4205672-66F8-46B0-B177-D496296A6291}.Debug|Any CPU.ActiveCfg = Debug|Any CPU
		{D4205672-66F8-46B0-B177-D496296A6291}.Debug|Any CPU.Build.0 = Debug|Any CPU
		{D4205672-66F8-46B0-B177-D496296A6291}.Release|Any CPU.ActiveCfg = Release|Any CPU
		{D4205672-66F8-46B0-B177-D496296A6291}.Release|Any CPU.Build.0 = Release|Any CPU
	EndGlobalSection
	GlobalSection(SolutionProperties) = preSolution
		HideSolutionNode = FALSE
	EndGlobalSection
	GlobalSection(NestedProjects) = preSolution
		{6F8C57C1-59D6-4817-9DCA-00A9B66B7126} = {7BC931F5-F71E-4651-82DA-6462DEF9DB76}
		{D4205672-66F8-46B0-B177-D496296A6291} = {02E9E8D8-164E-46A2-8CB4-9B28B711FD7F}
	EndGlobalSection
	GlobalSection(ExtensibilityGlobals) = postSolution
		SolutionGuid = {CBE532B2-01D0-4E2E-9586-D7CE411C5221}
	EndGlobalSection
EndGlobal
